
Microsoft Visual Studio Solution File, Format Version 12.00
# Visual Studio Version 17
VisualStudioVersion = 17.14.36811.4
MinimumVisualStudioVersion = 10.0.40219.1
Project("{FAE04EC0-301F-11D3-BF4B-00C04F79EFBC}") = "ECommerceAPI", "ECommerceAPI.csproj", "{CFB3E419-8F0E-4068-A703-DB8AA97D80D9}"
EndProject
Project("{FAE04EC0-301F-11D3-BF4B-00C04F79EFBC}") = "Domain", "..\Domain\Domain.csproj", "{78608FBF-66BF-492E-9AA0-6FFEDD5BA822}"
EndProject
Project("{FAE04EC0-301F-11D3-BF4B-00C04F79EFBC}") = "Application", "..\Application\Application.csproj", "{61DC20D0-582C-4F1B-BE12-A04D78A7DCA0}"
EndProject
Project("{FAE04EC0-301F-11D3-BF4B-00C04F79EFBC}") = "Infrastructure", "..\Infrastructure\Infrastructure.csproj", "{74E55DC3-F9FB-4D95-817C-C6EF8FF6FE74}"
EndProject
Global
	GlobalSection(SolutionConfigurationPlatforms) = preSolution
		Debug|Any CPU = Debug|Any CPU
		Release|Any CPU = Release|Any CPU
	EndGlobalSection
	GlobalSection(ProjectConfigurationPlatforms) = postSolution
		{CFB3E419-8F0E-4068-A703-DB8AA97D80D9}.Debug|Any CPU.ActiveCfg = Debug|Any CPU
		{CFB3E419-8F0E-4068-A703-DB8AA97D80D9}.Debug|Any CPU.Build.0 = Debug|Any CPU
		{CFB3E419-8F0E-4068-A703-DB8AA97D80D9}.Release|Any CPU.ActiveCfg = Release|Any CPU
		{CFB3E419-8F0E-4068-A703-DB8AA97D80D9}.Release|Any CPU.Build.0 = Release|Any CPU
		{78608FBF-66BF-492E-9AA0-6FFEDD5BA822}.Debug|Any CPU.ActiveCfg = Debug|Any CPU
		{78608FBF-66BF-492E-9AA0-6FFEDD5BA822}.Debug|Any CPU.Build.0 = Debug|Any CPU
		{78608FBF-66BF-492E-9AA0-6FFEDD5BA822}.Release|Any CPU.ActiveCfg = Release|Any CPU
		{78608FBF-66BF-492E-9AA0-6FFEDD5BA822}.Release|Any CPU.Build.0 = Release|Any CPU
		{61DC20D0-582C-4F1B-BE12-A04D78A7DCA0}.Debug|Any CPU.ActiveCfg = Debug|Any CPU
		{61DC20D0-582C-4F1B-BE12-A04D78A7DCA0}.Debug|Any CPU.Build.0 = Debug|Any CPU
		{61DC20D0-582C-4F1B-BE12-A04D78A7DCA0}.Release|Any CPU.ActiveCfg = Release|Any CPU
		{61DC20D0-582C-4F1B-BE12-A04D78A7DCA0}.Release|Any CPU.Build.0 = Release|Any CPU
		{74E55DC3-F9FB-4D95-817C-C6EF8FF6FE74}.Debug|Any CPU.ActiveCfg = Debug|Any CPU
		{74E55DC3-F9FB-4D95-817C-C6EF8FF6FE74}.Debug|Any CPU.Build.0 = Debug|Any CPU
		{74E55DC3-F9FB-4D95-817C-C6EF8FF6FE74}.Release|Any CPU.ActiveCfg = Release|Any CPU
		{74E55DC3-F9FB-4D95-817C-C6EF8FF6FE74}.Release|Any CPU.Build.0 = Release|Any CPU
	EndGlobalSection
	GlobalSection(SolutionProperties) = preSolution
		HideSolutionNode = FALSE
	EndGlobalSection
	GlobalSection(ExtensibilityGlobals) = postSolution
		SolutionGuid = {4A78D61D-6585-43FD-AE99-4DAA0DA3B0B9}
	EndGlobalSection
EndGlobal
